
Microsoft Visual Studio Solution File, Format Version 10.00
# Visual Studio 2008
Project("{8BC9CEB8-8B4A-11D0-8D11-00A0C91BC942}") = "Liberate", "Liberate\liberate.vcproj", "{C53D3325-A055-4B33-8C2D-13E7582AFAA6}"
	ProjectSection(ProjectDependencies) = postProject
		{BD986719-CB69-47A4-BE3B-9CF59F1D8DEA} = {BD986719-CB69-47A4-BE3B-9CF59F1D8DEA}
	EndProjectSection
EndProject
Project("{8BC9CEB8-8B4A-11D0-8D11-00A0C91BC942}") = "Keyboard", "Keyboard\Keyboard.vcproj", "{03C2FC66-FE48-4438-895E-A714AE1D1F81}"
EndProject
Project("{8BC9CEB8-8B4A-11D0-8D11-00A0C91BC942}") = "Reboot", "Reboot\reboot.vcproj", "{C0875CDE-8184-4917-A28B-D9301773A740}"
EndProject
Project("{8BC9CEB8-8B4A-11D0-8D11-00A0C91BC942}") = "Dummy", "Dummy\Dummy.vcproj", "{658B80B1-B499-4CCD-B40C-7EA23BD48B0F}"
EndProject
Project("{8BC9CEB8-8B4A-11D0-8D11-00A0C91BC942}") = "Relay Input Driver", "Relay Input Driver\Relay Input Driver.vcproj", "{BD986719-CB69-47A4-BE3B-9CF59F1D8DEA}"
EndProject
Project("{8BC9CEB8-8B4A-11D0-8D11-00A0C91BC942}") = "Multi-touch test", "Multi-touch Test\Multi-touch test.vcproj", "{E71CA990-AAA3-4634-854C-F62F02D91AF6}"
EndProject
Project("{8BC9CEB8-8B4A-11D0-8D11-00A0C91BC942}") = "RelayInput", "RelayInput\relayinput.vcproj", "{B0875BDE-8184-4917-A28B-D9301773A740}"
EndProject
Global
	GlobalSection(SolutionConfigurationPlatforms) = preSolution
		Debug|OpenZDK (ARMV4I) = Debug|OpenZDK (ARMV4I)
		Debug|STANDARDSDK_500 (ARMV4I) = Debug|STANDARDSDK_500 (ARMV4I)
		Release|OpenZDK (ARMV4I) = Release|OpenZDK (ARMV4I)
		Release|STANDARDSDK_500 (ARMV4I) = Release|STANDARDSDK_500 (ARMV4I)
	EndGlobalSection
	GlobalSection(ProjectConfigurationPlatforms) = postSolution
		{C53D3325-A055-4B33-8C2D-13E7582AFAA6}.Debug|OpenZDK (ARMV4I).ActiveCfg = Debug|OpenZDK (ARMV4I)
		{C53D3325-A055-4B33-8C2D-13E7582AFAA6}.Debug|OpenZDK (ARMV4I).Build.0 = Debug|OpenZDK (ARMV4I)
		{C53D3325-A055-4B33-8C2D-13E7582AFAA6}.Debug|OpenZDK (ARMV4I).Deploy.0 = Debug|OpenZDK (ARMV4I)
		{C53D3325-A055-4B33-8C2D-13E7582AFAA6}.Debug|STANDARDSDK_500 (ARMV4I).ActiveCfg = Debug|OpenZDK (ARMV4I)
		{C53D3325-A055-4B33-8C2D-13E7582AFAA6}.Release|OpenZDK (ARMV4I).ActiveCfg = Release|OpenZDK (ARMV4I)
		{C53D3325-A055-4B33-8C2D-13E7582AFAA6}.Release|OpenZDK (ARMV4I).Build.0 = Release|OpenZDK (ARMV4I)
		{C53D3325-A055-4B33-8C2D-13E7582AFAA6}.Release|OpenZDK (ARMV4I).Deploy.0 = Release|OpenZDK (ARMV4I)
		{C53D3325-A055-4B33-8C2D-13E7582AFAA6}.Release|STANDARDSDK_500 (ARMV4I).ActiveCfg = Release|OpenZDK (ARMV4I)
		{03C2FC66-FE48-4438-895E-A714AE1D1F81}.Debug|OpenZDK (ARMV4I).ActiveCfg = Debug|OpenZDK (ARMV4I)
		{03C2FC66-FE48-4438-895E-A714AE1D1F81}.Debug|OpenZDK (ARMV4I).Build.0 = Debug|OpenZDK (ARMV4I)
		{03C2FC66-FE48-4438-895E-A714AE1D1F81}.Debug|OpenZDK (ARMV4I).Deploy.0 = Debug|OpenZDK (ARMV4I)
		{03C2FC66-FE48-4438-895E-A714AE1D1F81}.Debug|STANDARDSDK_500 (ARMV4I).ActiveCfg = Debug|STANDARDSDK_500 (ARMV4I)
		{03C2FC66-FE48-4438-895E-A714AE1D1F81}.Debug|STANDARDSDK_500 (ARMV4I).Build.0 = Debug|STANDARDSDK_500 (ARMV4I)
		{03C2FC66-FE48-4438-895E-A714AE1D1F81}.Debug|STANDARDSDK_500 (ARMV4I).Deploy.0 = Debug|STANDARDSDK_500 (ARMV4I)
		{03C2FC66-FE48-4438-895E-A714AE1D1F81}.Release|OpenZDK (ARMV4I).ActiveCfg = Release|OpenZDK (ARMV4I)
		{03C2FC66-FE48-4438-895E-A714AE1D1F81}.Release|OpenZDK (ARMV4I).Build.0 = Release|OpenZDK (ARMV4I)
		{03C2FC66-FE48-4438-895E-A714AE1D1F81}.Release|OpenZDK (ARMV4I).Deploy.0 = Release|OpenZDK (ARMV4I)
		{03C2FC66-FE48-4438-895E-A714AE1D1F81}.Release|STANDARDSDK_500 (ARMV4I).ActiveCfg = Release|STANDARDSDK_500 (ARMV4I)
		{03C2FC66-FE48-4438-895E-A714AE1D1F81}.Release|STANDARDSDK_500 (ARMV4I).Build.0 = Release|STANDARDSDK_500 (ARMV4I)
		{03C2FC66-FE48-4438-895E-A714AE1D1F81}.Release|STANDARDSDK_500 (ARMV4I).Deploy.0 = Release|STANDARDSDK_500 (ARMV4I)
		{C0875CDE-8184-4917-A28B-D9301773A740}.Debug|OpenZDK (ARMV4I).ActiveCfg = Debug|OpenZDK (ARMV4I)
		{C0875CDE-8184-4917-A28B-D9301773A740}.Debug|OpenZDK (ARMV4I).Build.0 = Debug|OpenZDK (ARMV4I)
		{C0875CDE-8184-4917-A28B-D9301773A740}.Debug|OpenZDK (ARMV4I).Deploy.0 = Debug|OpenZDK (ARMV4I)
		{C0875CDE-8184-4917-A28B-D9301773A740}.Debug|STANDARDSDK_500 (ARMV4I).ActiveCfg = Debug|OpenZDK (ARMV4I)
		{C0875CDE-8184-4917-A28B-D9301773A740}.Release|OpenZDK (ARMV4I).ActiveCfg = Release|OpenZDK (ARMV4I)
		{C0875CDE-8184-4917-A28B-D9301773A740}.Release|OpenZDK (ARMV4I).Build.0 = Release|OpenZDK (ARMV4I)
		{C0875CDE-8184-4917-A28B-D9301773A740}.Release|OpenZDK (ARMV4I).Deploy.0 = Release|OpenZDK (ARMV4I)
		{C0875CDE-8184-4917-A28B-D9301773A740}.Release|STANDARDSDK_500 (ARMV4I).ActiveCfg = Release|OpenZDK (ARMV4I)
		{658B80B1-B499-4CCD-B40C-7EA23BD48B0F}.Debug|OpenZDK (ARMV4I).ActiveCfg = Debug|OpenZDK (ARMV4I)
		{658B80B1-B499-4CCD-B40C-7EA23BD48B0F}.Debug|OpenZDK (ARMV4I).Build.0 = Debug|OpenZDK (ARMV4I)
		{658B80B1-B499-4CCD-B40C-7EA23BD48B0F}.Debug|OpenZDK (ARMV4I).Deploy.0 = Debug|OpenZDK (ARMV4I)
		{658B80B1-B499-4CCD-B40C-7EA23BD48B0F}.Debug|STANDARDSDK_500 (ARMV4I).ActiveCfg = Debug|OpenZDK (ARMV4I)
		{658B80B1-B499-4CCD-B40C-7EA23BD48B0F}.Release|OpenZDK (ARMV4I).ActiveCfg = Release|OpenZDK (ARMV4I)
		{658B80B1-B499-4CCD-B40C-7EA23BD48B0F}.Release|OpenZDK (ARMV4I).Build.0 = Release|OpenZDK (ARMV4I)
		{658B80B1-B499-4CCD-B40C-7EA23BD48B0F}.Release|OpenZDK (ARMV4I).Deploy.0 = Release|OpenZDK (ARMV4I)
		{658B80B1-B499-4CCD-B40C-7EA23BD48B0F}.Release|STANDARDSDK_500 (ARMV4I).ActiveCfg = Release|OpenZDK (ARMV4I)
		{BD986719-CB69-47A4-BE3B-9CF59F1D8DEA}.Debug|OpenZDK (ARMV4I).ActiveCfg = Debug|OpenZDK (ARMV4I)
		{BD986719-CB69-47A4-BE3B-9CF59F1D8DEA}.Debug|OpenZDK (ARMV4I).Build.0 = Debug|OpenZDK (ARMV4I)
		{BD986719-CB69-47A4-BE3B-9CF59F1D8DEA}.Debug|STANDARDSDK_500 (ARMV4I).ActiveCfg = Debug|OpenZDK (ARMV4I)
		{BD986719-CB69-47A4-BE3B-9CF59F1D8DEA}.Release|OpenZDK (ARMV4I).ActiveCfg = Release|OpenZDK (ARMV4I)
		{BD986719-CB69-47A4-BE3B-9CF59F1D8DEA}.Release|OpenZDK (ARMV4I).Build.0 = Release|OpenZDK (ARMV4I)
		{BD986719-CB69-47A4-BE3B-9CF59F1D8DEA}.Release|OpenZDK (ARMV4I).Deploy.0 = Release|OpenZDK (ARMV4I)
		{BD986719-CB69-47A4-BE3B-9CF59F1D8DEA}.Release|STANDARDSDK_500 (ARMV4I).ActiveCfg = Release|OpenZDK (ARMV4I)
		{E71CA990-AAA3-4634-854C-F62F02D91AF6}.Debug|OpenZDK (ARMV4I).ActiveCfg = Debug|OpenZDK (ARMV4I)
		{E71CA990-AAA3-4634-854C-F62F02D91AF6}.Debug|OpenZDK (ARMV4I).Build.0 = Debug|OpenZDK (ARMV4I)
		{E71CA990-AAA3-4634-854C-F62F02D91AF6}.Debug|OpenZDK (ARMV4I).Deploy.0 = Debug|OpenZDK (ARMV4I)
		{E71CA990-AAA3-4634-854C-F62F02D91AF6}.Debug|STANDARDSDK_500 (ARMV4I).ActiveCfg = Debug|STANDARDSDK_500 (ARMV4I)
		{E71CA990-AAA3-4634-854C-F62F02D91AF6}.Debug|STANDARDSDK_500 (ARMV4I).Build.0 = Debug|STANDARDSDK_500 (ARMV4I)
		{E71CA990-AAA3-4634-854C-F62F02D91AF6}.Debug|STANDARDSDK_500 (ARMV4I).Deploy.0 = Debug|STANDARDSDK_500 (ARMV4I)
		{E71CA990-AAA3-4634-854C-F62F02D91AF6}.Release|OpenZDK (ARMV4I).ActiveCfg = Release|OpenZDK (ARMV4I)
		{E71CA990-AAA3-4634-854C-F62F02D91AF6}.Release|OpenZDK (ARMV4I).Build.0 = Release|OpenZDK (ARMV4I)
		{E71CA990-AAA3-4634-854C-F62F02D91AF6}.Release|OpenZDK (ARMV4I).Deploy.0 = Release|OpenZDK (ARMV4I)
		{E71CA990-AAA3-4634-854C-F62F02D91AF6}.Release|STANDARDSDK_500 (ARMV4I).ActiveCfg = Release|STANDARDSDK_500 (ARMV4I)
		{E71CA990-AAA3-4634-854C-F62F02D91AF6}.Release|STANDARDSDK_500 (ARMV4I).Build.0 = Release|STANDARDSDK_500 (ARMV4I)
		{E71CA990-AAA3-4634-854C-F62F02D91AF6}.Release|STANDARDSDK_500 (ARMV4I).Deploy.0 = Release|STANDARDSDK_500 (ARMV4I)
		{B0875BDE-8184-4917-A28B-D9301773A740}.Debug|OpenZDK (ARMV4I).ActiveCfg = Debug|OpenZDK (ARMV4I)
		{B0875BDE-8184-4917-A28B-D9301773A740}.Debug|OpenZDK (ARMV4I).Build.0 = Debug|OpenZDK (ARMV4I)
		{B0875BDE-8184-4917-A28B-D9301773A740}.Debug|OpenZDK (ARMV4I).Deploy.0 = Debug|OpenZDK (ARMV4I)
		{B0875BDE-8184-4917-A28B-D9301773A740}.Debug|STANDARDSDK_500 (ARMV4I).ActiveCfg = Debug|OpenZDK (ARMV4I)
		{B0875BDE-8184-4917-A28B-D9301773A740}.Release|OpenZDK (ARMV4I).ActiveCfg = Release|OpenZDK (ARMV4I)
		{B0875BDE-8184-4917-A28B-D9301773A740}.Release|OpenZDK (ARMV4I).Build.0 = Release|OpenZDK (ARMV4I)
		{B0875BDE-8184-4917-A28B-D9301773A740}.Release|OpenZDK (ARMV4I).Deploy.0 = Release|OpenZDK (ARMV4I)
		{B0875BDE-8184-4917-A28B-D9301773A740}.Release|STANDARDSDK_500 (ARMV4I).ActiveCfg = Release|OpenZDK (ARMV4I)
	EndGlobalSection
	GlobalSection(SolutionProperties) = preSolution
		HideSolutionNode = FALSE
	EndGlobalSection
EndGlobal
